{
    "_readme": [
        "This file locks the dependencies of your project to a known state",
        "Read more about it at https://getcomposer.org/doc/01-basic-usage.md#installing-dependencies",
        "This file is @generated automatically"
    ],
    "content-hash": "ef6e13aff42947bd9c40f3a3cf7c37ad",
    "packages": [
        {
            "name": "dimabdc/php-fast-simple-html-dom-parser",
            "version": "1.4",
            "source": {
                "type": "git",
                "url": "https://github.com/dimabdc/PHP-Fast-Simple-HTML-DOM-Parser.git",
                "reference": "5a247567567a512a2c7ba819898e00a9207f47c3"
            },
            "dist": {
                "type": "zip",
                "url": "https://api.github.com/repos/dimabdc/PHP-Fast-Simple-HTML-DOM-Parser/zipball/5a247567567a512a2c7ba819898e00a9207f47c3",
                "reference": "5a247567567a512a2c7ba819898e00a9207f47c3",
                "shasum": ""
            },
            "require": {
                "ext-dom": "*",
                "ext-libxml": "*",
                "ext-simplexml": "*",
                "php": ">=5.6",
                "symfony/css-selector": "*"
            },
            "require-dev": {
                "php-coveralls/php-coveralls": "^2.2",
                "phpunit/phpunit": "^5.7"
            },
            "type": "library",
            "autoload": {
                "psr-4": {
                    "FastSimpleHTMLDom\\": "lib/"
                }
            },
            "notification-url": "https://packagist.org/downloads/",
            "license": [
                "MIT"
            ],
            "authors": [
                {
                    "name": "dimabdc",
                    "email": "support@titor.ru",
                    "homepage": "http://github.com/dimabdc"
                }
            ],
            "description": "PHP Fast Simple HTML DOM parser.",
            "keywords": [
                "html",
                "parse",
                "parser"
            ],
            "support": {
                "issues": "https://github.com/dimabdc/PHP-Fast-Simple-HTML-DOM-Parser/issues",
                "source": "https://github.com/dimabdc/PHP-Fast-Simple-HTML-DOM-Parser/tree/1.4"
            },
            "time": "2020-08-23T22:47:26+00:00"
        },
        {
            "name": "symfony/css-selector",
            "version": "v6.0.11",
            "source": {
                "type": "git",
                "url": "https://github.com/symfony/css-selector.git",
                "reference": "ab2746acddc4f03a7234c8441822ac5d5c63efe9"
            },
            "dist": {
                "type": "zip",
                "url": "https://api.github.com/repos/symfony/css-selector/zipball/ab2746acddc4f03a7234c8441822ac5d5c63efe9",
                "reference": "ab2746acddc4f03a7234c8441822ac5d5c63efe9",
                "shasum": ""
            },
            "require": {
                "php": ">=8.0.2"
            },
            "type": "library",
            "autoload": {
                "psr-4": {
                    "Symfony\\Component\\CssSelector\\": ""
                },
                "exclude-from-classmap": [
                    "/Tests/"
                ]
            },
            "notification-url": "https://packagist.org/downloads/",
            "license": [
                "MIT"
            ],
            "authors": [
                {
                    "name": "Fabien Potencier",
                    "email": "fabien@symfony.com"
                },
                {
                    "name": "Jean-François Simon",
                    "email": "jeanfrancois.simon@sensiolabs.com"
                },
                {
                    "name": "Symfony Community",
                    "homepage": "https://symfony.com/contributors"
                }
            ],
            "description": "Converts CSS selectors to XPath expressions",
            "homepage": "https://symfony.com",
            "support": {
                "source": "https://github.com/symfony/css-selector/tree/v6.0.11"
            },
            "funding": [
                {
                    "url": "https://symfony.com/sponsor",
                    "type": "custom"
                },
                {
                    "url": "https://github.com/fabpot",
                    "type": "github"
                },
                {
                    "url": "https://tidelift.com/funding/github/packagist/symfony/symfony",
                    "type": "tidelift"
                }
            ],
            "time": "2022-06-27T17:10:44+00:00"
        }
    ],
    "packages-dev": [],
    "aliases": [],
    "minimum-stability": "stable",
    "stability-flags": [],
    "prefer-stable": false,
    "prefer-lowest": false,
    "platform": [],
    "platform-dev": [],
    "plugin-api-version": "2.3.0"
}
