{
    "_readme": [
        "This file locks the dependencies of your project to a known state",
        "Read more about it at https://getcomposer.org/doc/01-basic-usage.md#composer-lock-the-lock-file",
        "This file is @generated automatically"
    ],
    "hash": "c28e57595cb0eb203d594e790bd3a513",
    "content-hash": "ef6e13aff42947bd9c40f3a3cf7c37ad",
    "packages": [
        {
            "name": "dimabdc/php-fast-simple-html-dom-parser",
            "version": "1.1",
            "source": {
                "type": "git",
                "url": "https://github.com/dimabdc/PHP-Fast-Simple-HTML-DOM-Parser.git",
                "reference": "9a3b6e45553c6a246f32c6317568d3d6e0548c6f"
            },
            "dist": {
                "type": "zip",
                "url": "https://api.github.com/repos/dimabdc/PHP-Fast-Simple-HTML-DOM-Parser/zipball/9a3b6e45553c6a246f32c6317568d3d6e0548c6f",
                "reference": "9a3b6e45553c6a246f32c6317568d3d6e0548c6f",
                "shasum": ""
            },
            "require": {
                "php": ">=5.4",
                "symfony/css-selector": "*"
            },
            "require-dev": {
                "phpunit/phpunit": ">=4.8",
                "satooshi/php-coveralls": "~0.6.0"
            },
            "type": "library",
            "autoload": {
                "psr-4": {
                    "FastSimpleHTMLDom\\": "lib/"
                }
            },
            "notification-url": "https://packagist.org/downloads/",
            "license": [
                "MIT"
            ],
            "authors": [
                {
                    "name": "dimabdc",
                    "email": "support@titor.ru",
                    "homepage": "http://github.com/dimabdc"
                }
            ],
            "description": "PHP Fast Simple HTML DOM parser.",
            "keywords": [
                "html",
                "parse",
                "parser"
            ],
            "time": "2016-02-14 08:53:08"
        },
        {
            "name": "symfony/css-selector",
            "version": "v3.3.10",
            "source": {
                "type": "git",
                "url": "https://github.com/symfony/css-selector.git",
                "reference": "07447650225ca9223bd5c97180fe7c8267f7d332"
            },
            "dist": {
                "type": "zip",
                "url": "https://api.github.com/repos/symfony/css-selector/zipball/07447650225ca9223bd5c97180fe7c8267f7d332",
                "reference": "07447650225ca9223bd5c97180fe7c8267f7d332",
                "shasum": ""
            },
            "require": {
                "php": "^5.5.9|>=7.0.8"
            },
            "type": "library",
            "extra": {
                "branch-alias": {
                    "dev-master": "3.3-dev"
                }
            },
            "autoload": {
                "psr-4": {
                    "Symfony\\Component\\CssSelector\\": ""
                },
                "exclude-from-classmap": [
                    "/Tests/"
                ]
            },
            "notification-url": "https://packagist.org/downloads/",
            "license": [
                "MIT"
            ],
            "authors": [
                {
                    "name": "Jean-François Simon",
                    "email": "jeanfrancois.simon@sensiolabs.com"
                },
                {
                    "name": "Fabien Potencier",
                    "email": "fabien@symfony.com"
                },
                {
                    "name": "Symfony Community",
                    "homepage": "https://symfony.com/contributors"
                }
            ],
            "description": "Symfony CssSelector Component",
            "homepage": "https://symfony.com",
            "time": "2017-10-02 06:42:24"
        }
    ],
    "packages-dev": [],
    "aliases": [],
    "minimum-stability": "stable",
    "stability-flags": [],
    "prefer-stable": false,
    "prefer-lowest": false,
    "platform": [],
    "platform-dev": []
}
